{
  "name": "esm",
  "version": "1.0.0",
  "lockfileVersion": 2,
  "requires": true,
  "packages": {
    "": {
      "name": "esm",
      "version": "1.0.0",
      "license": "ISC",
      "dependencies": {
        "get-stream": "^8.0.1",
        "into-stream": "^8.0.1"
      }
    },
    "node_modules/get-stream": {
      "version": "8.0.1",
      "resolved": "https://registry.npmjs.org/get-stream/-/get-stream-8.0.1.tgz",
      "integrity": "sha512-VaUJspBffn/LMCJVoMvSAdmscJyS1auj5Zulnn5UoYcY531UWmdwhRWkcGKnGU93m5HSXP9LP2usOryrBtQowA==",
      "engines": {
        "node": ">=16"
      },
      "funding": {
        "url": "https://github.com/sponsors/sindresorhus"
      }
    },
    "node_modules/into-stream": {
      "version": "8.0.1",
      "resolved": "https://registry.npmjs.org/into-stream/-/into-stream-8.0.1.tgz",
      "integrity": "sha512-Vp2df7Utjs/1/sv0Vlj2X4u2e2yaCrcMd4T9u0D9B36XvxIOBHA2JIZTXCp2TPCa7w/ebwWVkXhbp9At1wJ0zg==",
      "engines": {
        "node": ">=16"
      },
      "funding": {
        "url": "https://github.com/sponsors/sindresorhus"
      }
    }
  },
  "dependencies": {
    "get-stream": {
      "version": "8.0.1",
      "resolved": "https://registry.npmjs.org/get-stream/-/get-stream-8.0.1.tgz",
      "integrity": "sha512-VaUJspBffn/LMCJVoMvSAdmscJyS1auj5Zulnn5UoYcY531UWmdwhRWkcGKnGU93m5HSXP9LP2usOryrBtQowA=="
    },
    "into-stream": {
      "version": "8.0.1",
      "resolved": "https://registry.npmjs.org/into-stream/-/into-stream-8.0.1.tgz",
      "integrity": "sha512-Vp2df7Utjs/1/sv0Vlj2X4u2e2yaCrcMd4T9u0D9B36XvxIOBHA2JIZTXCp2TPCa7w/ebwWVkXhbp9At1wJ0zg=="
    }
  }
}
